<?xml version="1.0" encoding="utf-8"?>
<Project ToolsVersion="4.0" xmlns="http://schemas.microsoft.com/developer/msbuild/2003">
  <ItemGroup>
    <Filter Include="リソース ファイル">
      <UniqueIdentifier>{67DA6AB6-F800-4c08-8B7A-83BB121AAD01}</UniqueIdentifier>
      <Extensions>rc;ico;cur;bmp;dlg;rc2;rct;bin;rgs;gif;jpg;jpeg;jpe;resx;tiff;tif;png;wav;mfcribbon-ms</Extensions>
    </Filter>
    <Filter Include="シェーダー ファイル">
      <UniqueIdentifier>{f776c7cb-c450-44f8-9048-f90983f700af}</UniqueIdentifier>
    </Filter>
    <Filter Include="Input">
      <UniqueIdentifier>{3e59fcbe-f20f-4e7a-885e-f1b0549e6b2b}</UniqueIdentifier>
    </Filter>
    <Filter Include="Manager">
      <UniqueIdentifier>{d99f8b2e-c82c-4045-ad2d-eaca5aabe7b8}</UniqueIdentifier>
    </Filter>
    <Filter Include="Object">
      <UniqueIdentifier>{4f2e35a8-da8f-41f4-98cb-e1e6c5b06cba}</UniqueIdentifier>
    </Filter>
    <Filter Include="System">
      <UniqueIdentifier>{879507e5-e317-49d8-8ab9-d0c500355bf1}</UniqueIdentifier>
    </Filter>
    <Filter Include="Player">
      <UniqueIdentifier>{581d9257-848a-4064-85a3-9b94ab4b2bc5}</UniqueIdentifier>
    </Filter>
    <Filter Include="Scene">
      <UniqueIdentifier>{794fa821-2bb2-4aea-9f9e-e99c8f8d15d5}</UniqueIdentifier>
    </Filter>
  </ItemGroup>
  <ItemGroup>
    <ClCompile Include="WaveScene.cpp">
      <Filter>Scene</Filter>
    </ClCompile>
    <ClCompile Include="Scene.cpp">
      <Filter>Scene</Filter>
    </ClCompile>
    <ClCompile Include="MultiPlane.cpp">
      <Filter>Scene</Filter>
    </ClCompile>
    <ClCompile Include="GameScene.cpp">
      <Filter>Scene</Filter>
    </ClCompile>
    <ClCompile Include="Input.cpp">
      <Filter>Input</Filter>
    </ClCompile>
    <ClCompile Include="InputKeyboard.cpp">
      <Filter>Input</Filter>
    </ClCompile>
    <ClCompile Include="InputMouse.cpp">
      <Filter>Input</Filter>
    </ClCompile>
    <ClCompile Include="Player.cpp">
      <Filter>Player</Filter>
    </ClCompile>
    <ClCompile Include="Spara.cpp">
      <Filter>Player</Filter>
    </ClCompile>
    <ClCompile Include="DebugScene.cpp">
      <Filter>Scene</Filter>
    </ClCompile>
    <ClCompile Include="EditGroundScene.cpp">
      <Filter>Scene</Filter>
    </ClCompile>
    <ClCompile Include="TestScene.cpp">
      <Filter>Scene</Filter>
    </ClCompile>
    <ClCompile Include="Arrow.cpp">
      <Filter>Object</Filter>
    </ClCompile>
    <ClCompile Include="Billboard.cpp">
      <Filter>Object</Filter>
    </ClCompile>
    <ClCompile Include="Camera.cpp">
      <Filter>System</Filter>
    </ClCompile>
    <ClCompile Include="CannonBullet.cpp">
      <Filter>Object</Filter>
    </ClCompile>
    <ClCompile Include="Common.cpp">
      <Filter>System</Filter>
    </ClCompile>
    <ClCompile Include="Grid.cpp">
      <Filter>Object</Filter>
    </ClCompile>
    <ClCompile Include="GroundMesh.cpp">
      <Filter>Object</Filter>
    </ClCompile>
    <ClCompile Include="main.cpp">
      <Filter>System</Filter>
    </ClCompile>
    <ClCompile Include="MeshField.cpp">
      <Filter>Object</Filter>
    </ClCompile>
    <ClCompile Include="Model.cpp">
      <Filter>Object</Filter>
    </ClCompile>
    <ClCompile Include="Particle.cpp">
      <Filter>Object</Filter>
    </ClCompile>
    <ClCompile Include="ParticleSystem.cpp">
      <Filter>Object</Filter>
    </ClCompile>
    <ClCompile Include="Plane.cpp">
      <Filter>Object</Filter>
    </ClCompile>
    <ClCompile Include="ShaderDevise.cpp">
      <Filter>System</Filter>
    </ClCompile>
    <ClCompile Include="Ship.cpp">
      <Filter>Object</Filter>
    </ClCompile>
    <ClCompile Include="WaveMesh.cpp">
      <Filter>Object</Filter>
    </ClCompile>
    <ClCompile Include="Enemy.cpp">
      <Filter>Object</Filter>
    </ClCompile>
    <ClCompile Include="SceneManager.cpp">
      <Filter>Manager</Filter>
    </ClCompile>
    <ClCompile Include="TextureManager.cpp">
      <Filter>Manager</Filter>
    </ClCompile>
    <ClCompile Include="WindowManager.cpp">
      <Filter>Manager</Filter>
    </ClCompile>
    <ClCompile Include="SoundManager.cpp">
      <Filter>Manager</Filter>
    </ClCompile>
    <ClCompile Include="Rectangle2D.cpp">
      <Filter>Object</Filter>
    </ClCompile>
  </ItemGroup>
  <ItemGroup>
    <ClInclude Include="Input.h">
      <Filter>Input</Filter>
    </ClInclude>
    <ClInclude Include="InputMouse.h">
      <Filter>Input</Filter>
    </ClInclude>
    <ClInclude Include="InputKeyboard.h">
      <Filter>Input</Filter>
    </ClInclude>
    <ClInclude Include="Player.h">
      <Filter>Player</Filter>
    </ClInclude>
    <ClInclude Include="Spara.h">
      <Filter>Player</Filter>
    </ClInclude>
    <ClInclude Include="DebugScene.h">
      <Filter>Scene</Filter>
    </ClInclude>
    <ClInclude Include="WaveScene.h">
      <Filter>Scene</Filter>
    </ClInclude>
    <ClInclude Include="EditGroundScene.h">
      <Filter>Scene</Filter>
    </ClInclude>
    <ClInclude Include="GameScene.h">
      <Filter>Scene</Filter>
    </ClInclude>
    <ClInclude Include="MultiPlane.h">
      <Filter>Scene</Filter>
    </ClInclude>
    <ClInclude Include="Scene.h">
      <Filter>Scene</Filter>
    </ClInclude>
    <ClInclude Include="TestScene.h">
      <Filter>Scene</Filter>
    </ClInclude>
    <ClInclude Include="Arrow.h">
      <Filter>Object</Filter>
    </ClInclude>
    <ClInclude Include="Billboard.h">
      <Filter>Object</Filter>
    </ClInclude>
    <ClInclude Include="Camera.h">
      <Filter>System</Filter>
    </ClInclude>
    <ClInclude Include="Common.h">
      <Filter>System</Filter>
    </ClInclude>
    <ClInclude Include="ShaderDevise.h">
      <Filter>System</Filter>
    </ClInclude>
    <ClInclude Include="Vertex.h">
      <Filter>System</Filter>
    </ClInclude>
    <ClInclude Include="CannonBullet.h">
      <Filter>Object</Filter>
    </ClInclude>
    <ClInclude Include="WaveMesh.h">
      <Filter>Object</Filter>
    </ClInclude>
    <ClInclude Include="Enemy.h">
      <Filter>Object</Filter>
    </ClInclude>
    <ClInclude Include="Grid.h">
      <Filter>Object</Filter>
    </ClInclude>
    <ClInclude Include="GroundMesh.h">
      <Filter>Object</Filter>
    </ClInclude>
    <ClInclude Include="MeshField.h">
      <Filter>Object</Filter>
    </ClInclude>
    <ClInclude Include="Model.h">
      <Filter>Object</Filter>
    </ClInclude>
    <ClInclude Include="Particle.h">
      <Filter>Object</Filter>
    </ClInclude>
    <ClInclude Include="ParticleSystem.h">
      <Filter>Object</Filter>
    </ClInclude>
    <ClInclude Include="Plane.h">
      <Filter>Object</Filter>
    </ClInclude>
    <ClInclude Include="Ship.h">
      <Filter>Object</Filter>
    </ClInclude>
    <ClInclude Include="SceneManager.h">
      <Filter>Manager</Filter>
    </ClInclude>
    <ClInclude Include="TextureManager.h">
      <Filter>Manager</Filter>
    </ClInclude>
    <ClInclude Include="WindowManager.h">
      <Filter>Manager</Filter>
    </ClInclude>
    <ClInclude Include="Singleton.h">
      <Filter>Manager</Filter>
    </ClInclude>
    <ClInclude Include="main.h">
      <Filter>System</Filter>
    </ClInclude>
    <ClInclude Include="safe.h">
      <Filter>System</Filter>
    </ClInclude>
    <ClInclude Include="SoundManager.h">
      <Filter>Manager</Filter>
    </ClInclude>
    <ClInclude Include="Rectangle2D.h">
      <Filter>Object</Filter>
    </ClInclude>
    <ClInclude Include="ShaderPack.hpp">
      <Filter>System</Filter>
    </ClInclude>
  </ItemGroup>
  <ItemGroup>
    <None Include="shader.hlsl">
      <Filter>シェーダー ファイル</Filter>
    </None>
    <None Include="alpha_test_clip.hlsl">
      <Filter>シェーダー ファイル</Filter>
    </None>
  </ItemGroup>
</Project>